// !$*UTF8*$!
{
	archiveVersion = 1;
	classes = {
	};
	objectVersion = 46;
	objects = {

/* Begin PBXBuildFile section */
		2B4F65861EEF1C56008B23C3 /* main.m in Sources */ = {isa = PBXBuildFile; fileRef = 2B4F65851EEF1C56008B23C3 /* main.m */; };
		2B4F65891EEF1C56008B23C3 /* AppDelegate.m in Sources */ = {isa = PBXBuildFile; fileRef = 2B4F65881EEF1C56008B23C3 /* AppDelegate.m */; };
		2B4F658C1EEF1C56008B23C3 /* ViewController.m in Sources */ = {isa = PBXBuildFile; fileRef = 2B4F658B1EEF1C56008B23C3 /* ViewController.m */; };
		2B4F658F1EEF1C56008B23C3 /* Main.storyboard in Resources */ = {isa = PBXBuildFile; fileRef = 2B4F658D1EEF1C56008B23C3 /* Main.storyboard */; };
		2B4F65911EEF1C56008B23C3 /* Assets.xcassets in Resources */ = {isa = PBXBuildFile; fileRef = 2B4F65901EEF1C56008B23C3 /* Assets.xcassets */; };
		2B4F65941EEF1C56008B23C3 /* LaunchScreen.storyboard in Resources */ = {isa = PBXBuildFile; fileRef = 2B4F65921EEF1C56008B23C3 /* LaunchScreen.storyboard */; };
		7FDFA188AD9BCB1561318FCE /* Pods_AOFacebookSDK_Adapter.framework in Frameworks */ = {isa = PBXBuildFile; fileRef = E3510CF90D128F3C05ED2E61 /* Pods_AOFacebookSDK_Adapter.framework */; };
/* End PBXBuildFile section */

/* Begin PBXFileReference section */
		2B4F65811EEF1C56008B23C3 /* AOFacebookSDK-Adapter.app */ = {isa = PBXFileReference; explicitFileType = wrapper.application; includeInIndex = 0; path = "AOFacebookSDK-Adapter.app"; sourceTree = BUILT_PRODUCTS_DIR; };
		2B4F65851EEF1C56008B23C3 /* main.m */ = {isa = PBXFileReference; lastKnownFileType = sourcecode.c.objc; path = main.m; sourceTree = "<group>"; };
		2B4F65871EEF1C56008B23C3 /* AppDelegate.h */ = {isa = PBXFileReference; lastKnownFileType = sourcecode.c.h; path = AppDelegate.h; sourceTree = "<group>"; };
		2B4F65881EEF1C56008B23C3 /* AppDelegate.m */ = {isa = PBXFileReference; lastKnownFileType = sourcecode.c.objc; path = AppDelegate.m; sourceTree = "<group>"; };
		2B4F658A1EEF1C56008B23C3 /* ViewController.h */ = {isa = PBXFileReference; lastKnownFileType = sourcecode.c.h; path = ViewController.h; sourceTree = "<group>"; };
		2B4F658B1EEF1C56008B23C3 /* ViewController.m */ = {isa = PBXFileReference; lastKnownFileType = sourcecode.c.objc; path = ViewController.m; sourceTree = "<group>"; };
		2B4F658E1EEF1C56008B23C3 /* Base */ = {isa = PBXFileReference; lastKnownFileType = file.storyboard; name = Base; path = Base.lproj/Main.storyboard; sourceTree = "<group>"; };
		2B4F65901EEF1C56008B23C3 /* Assets.xcassets */ = {isa = PBXFileReference; lastKnownFileType = folder.assetcatalog; path = Assets.xcassets; sourceTree = "<group>"; };
		2B4F65931EEF1C56008B23C3 /* Base */ = {isa = PBXFileReference; lastKnownFileType = file.storyboard; name = Base; path = Base.lproj/LaunchScreen.storyboard; sourceTree = "<group>"; };
		2B4F65951EEF1C56008B23C3 /* Info.plist */ = {isa = PBXFileReference; lastKnownFileType = text.plist.xml; path = Info.plist; sourceTree = "<group>"; };
		6DDF6D6242180979B790C562 /* Pods-AOFacebookSDK-Adapter.debug.xcconfig */ = {isa = PBXFileReference; includeInIndex = 1; lastKnownFileType = text.xcconfig; name = "Pods-AOFacebookSDK-Adapter.debug.xcconfig"; path = "Pods/Target Support Files/Pods-AOFacebookSDK-Adapter/Pods-AOFacebookSDK-Adapter.debug.xcconfig"; sourceTree = "<group>"; };
		D568971305FE65AB4C8D0D23 /* Pods-AOFacebookSDK-Adapter.release.xcconfig */ = {isa = PBXFileReference; includeInIndex = 1; lastKnownFileType = text.xcconfig; name = "Pods-AOFacebookSDK-Adapter.release.xcconfig"; path = "Pods/Target Support Files/Pods-AOFacebookSDK-Adapter/Pods-AOFacebookSDK-Adapter.release.xcconfig"; sourceTree = "<group>"; };
		E3510CF90D128F3C05ED2E61 /* Pods_AOFacebookSDK_Adapter.framework */ = {isa = PBXFileReference; explicitFileType = wrapper.framework; includeInIndex = 0; path = Pods_AOFacebookSDK_Adapter.framework; sourceTree = BUILT_PRODUCTS_DIR; };
/* End PBXFileReference section */

/* Begin PBXFrameworksBuildPhase section */
		2B4F657E1EEF1C56008B23C3 /* Frameworks */ = {
			isa = PBXFrameworksBuildPhase;
			buildActionMask = 2147483647;
			files = (
				7FDFA188AD9BCB1561318FCE /* Pods_AOFacebookSDK_Adapter.framework in Frameworks */,
			);
			runOnlyForDeploymentPostprocessing = 0;
		};
/* End PBXFrameworksBuildPhase section */

/* Begin PBXGroup section */
		2B4F65781EEF1C56008B23C3 = {
			isa = PBXGroup;
			children = (
				2B4F65831EEF1C56008B23C3 /* AOFacebookSDK-Adapter */,
				2B4F65821EEF1C56008B23C3 /* Products */,
				807F1303E6B00EFC0099EF4F /* Pods */,
				FD036EF9E2CE235F9E30701E /* Frameworks */,
			);
			sourceTree = "<group>";
		};
		2B4F65821EEF1C56008B23C3 /* Products */ = {
			isa = PBXGroup;
			children = (
				2B4F65811EEF1C56008B23C3 /* AOFacebookSDK-Adapter.app */,
			);
			name = Products;
			sourceTree = "<group>";
		};
		2B4F65831EEF1C56008B23C3 /* AOFacebookSDK-Adapter */ = {
			isa = PBXGroup;
			children = (
				2B4F65871EEF1C56008B23C3 /* AppDelegate.h */,
				2B4F65881EEF1C56008B23C3 /* AppDelegate.m */,
				2B4F658A1EEF1C56008B23C3 /* ViewController.h */,
				2B4F658B1EEF1C56008B23C3 /* ViewController.m */,
				2B4F658D1EEF1C56008B23C3 /* Main.storyboard */,
				2B4F65901EEF1C56008B23C3 /* Assets.xcassets */,
				2B4F65921EEF1C56008B23C3 /* LaunchScreen.storyboard */,
				2B4F65951EEF1C56008B23C3 /* Info.plist */,
				2B4F65841EEF1C56008B23C3 /* Supporting Files */,
			);
			path = "AOFacebookSDK-Adapter";
			sourceTree = "<group>";
		};
		2B4F65841EEF1C56008B23C3 /* Supporting Files */ = {
			isa = PBXGroup;
			children = (
				2B4F65851EEF1C56008B23C3 /* main.m */,
			);
			name = "Supporting Files";
			sourceTree = "<group>";
		};
		807F1303E6B00EFC0099EF4F /* Pods */ = {
			isa = PBXGroup;
			children = (
				6DDF6D6242180979B790C562 /* Pods-AOFacebookSDK-Adapter.debug.xcconfig */,
				D568971305FE65AB4C8D0D23 /* Pods-AOFacebookSDK-Adapter.release.xcconfig */,
			);
			name = Pods;
			sourceTree = "<group>";
		};
		FD036EF9E2CE235F9E30701E /* Frameworks */ = {
			isa = PBXGroup;
			children = (
				E3510CF90D128F3C05ED2E61 /* Pods_AOFacebookSDK_Adapter.framework */,
			);
			name = Frameworks;
			sourceTree = "<group>";
		};
/* End PBXGroup section */

/* Begin PBXNativeTarget section */
		2B4F65801EEF1C56008B23C3 /* AOFacebookSDK-Adapter */ = {
			isa = PBXNativeTarget;
			buildConfigurationList = 2B4F65AE1EEF1C57008B23C3 /* Build configuration list for PBXNativeTarget "AOFacebookSDK-Adapter" */;
			buildPhases = (
				E22A5CF7731E285D83AAD8FD /* [CP] Check Pods Manifest.lock */,
				2B4F657D1EEF1C56008B23C3 /* Sources */,
				2B4F657E1EEF1C56008B23C3 /* Frameworks */,
				2B4F657F1EEF1C56008B23C3 /* Resources */,
				2EED9399728B0D3CC760DA53 /* [CP] Embed Pods Frameworks */,
				73A0F7405CB494356515856F /* [CP] Copy Pods Resources */,
			);
			buildRules = (
			);
			dependencies = (
			);
			name = "AOFacebookSDK-Adapter";
			productName = "AOFacebookSDK-Adapter";
			productReference = 2B4F65811EEF1C56008B23C3 /* AOFacebookSDK-Adapter.app */;
			productType = "com.apple.product-type.application";
		};
/* End PBXNativeTarget section */

/* Begin PBXProject section */
		2B4F65791EEF1C56008B23C3 /* Project object */ = {
			isa = PBXProject;
			attributes = {
				LastUpgradeCheck = 0830;
				ORGANIZATIONNAME = "Altynbek Orumbayev";
				TargetAttributes = {
					2B4F65801EEF1C56008B23C3 = {
						CreatedOnToolsVersion = 8.3.3;
						DevelopmentTeam = XNM36GWK3G;
						ProvisioningStyle = Automatic;
					};
				};
			};
			buildConfigurationList = 2B4F657C1EEF1C56008B23C3 /* Build configuration list for PBXProject "AOFacebookSDK-Adapter" */;
			compatibilityVersion = "Xcode 3.2";
			developmentRegion = English;
			hasScannedForEncodings = 0;
			knownRegions = (
				en,
				Base,
			);
			mainGroup = 2B4F65781EEF1C56008B23C3;
			productRefGroup = 2B4F65821EEF1C56008B23C3 /* Products */;
			projectDirPath = "";
			projectRoot = "";
			targets = (
				2B4F65801EEF1C56008B23C3 /* AOFacebookSDK-Adapter */,
			);
		};
/* End PBXProject section */

/* Begin PBXResourcesBuildPhase section */
		2B4F657F1EEF1C56008B23C3 /* Resources */ = {
			isa = PBXResourcesBuildPhase;
			buildActionMask = 2147483647;
			files = (
				2B4F65941EEF1C56008B23C3 /* LaunchScreen.storyboard in Resources */,
				2B4F65911EEF1C56008B23C3 /* Assets.xcassets in Resources */,
				2B4F658F1EEF1C56008B23C3 /* Main.storyboard in Resources */,
			);
			runOnlyForDeploymentPostprocessing = 0;
		};
/* End PBXResourcesBuildPhase section */

/* Begin PBXShellScriptBuildPhase section */
		2EED9399728B0D3CC760DA53 /* [CP] Embed Pods Frameworks */ = {
			isa = PBXShellScriptBuildPhase;
			buildActionMask = 2147483647;
			files = (
			);
			inputPaths = (
				"${SRCROOT}/Pods/Target Support Files/Pods-AOFacebookSDK-Adapter/Pods-AOFacebookSDK-Adapter-frameworks.sh",
				"${BUILT_PRODUCTS_DIR}/Bolts/Bolts.framework",
				"${BUILT_PRODUCTS_DIR}/FBSDKCoreKit/FBSDKCoreKit.framework",
				"${BUILT_PRODUCTS_DIR}/FBSDKLoginKit/FBSDKLoginKit.framework",
				"${BUILT_PRODUCTS_DIR}/FBSDKShareKit/FBSDKShareKit.framework",
			);
			name = "[CP] Embed Pods Frameworks";
			outputPaths = (
				"${TARGET_BUILD_DIR}/${FRAMEWORKS_FOLDER_PATH}/Bolts.framework",
				"${TARGET_BUILD_DIR}/${FRAMEWORKS_FOLDER_PATH}/FBSDKCoreKit.framework",
				"${TARGET_BUILD_DIR}/${FRAMEWORKS_FOLDER_PATH}/FBSDKLoginKit.framework",
				"${TARGET_BUILD_DIR}/${FRAMEWORKS_FOLDER_PATH}/FBSDKShareKit.framework",
			);
			runOnlyForDeploymentPostprocessing = 0;
			shellPath = /bin/sh;
			shellScript = "\"${SRCROOT}/Pods/Target Support Files/Pods-AOFacebookSDK-Adapter/Pods-AOFacebookSDK-Adapter-frameworks.sh\"\n";
			showEnvVarsInLog = 0;
		};
		73A0F7405CB494356515856F /* [CP] Copy Pods Resources */ = {
			isa = PBXShellScriptBuildPhase;
			buildActionMask = 2147483647;
			files = (
			);
			inputPaths = (
			);
			name = "[CP] Copy Pods Resources";
			outputPaths = (
			);
			runOnlyForDeploymentPostprocessing = 0;
			shellPath = /bin/sh;
			shellScript = "\"${SRCROOT}/Pods/Target Support Files/Pods-AOFacebookSDK-Adapter/Pods-AOFacebookSDK-Adapter-resources.sh\"\n";
			showEnvVarsInLog = 0;
		};
		E22A5CF7731E285D83AAD8FD /* [CP] Check Pods Manifest.lock */ = {
			isa = PBXShellScriptBuildPhase;
			buildActionMask = 2147483647;
			files = (
			);
			inputPaths = (
				"${PODS_PODFILE_DIR_PATH}/Podfile.lock",
				"${PODS_ROOT}/Manifest.lock",
			);
			name = "[CP] Check Pods Manifest.lock";
			outputPaths = (
				"$(DERIVED_FILE_DIR)/Pods-AOFacebookSDK-Adapter-checkManifestLockResult.txt",
			);
			runOnlyForDeploymentPostprocessing = 0;
			shellPath = /bin/sh;
			shellScript = "diff \"${PODS_PODFILE_DIR_PATH}/Podfile.lock\" \"${PODS_ROOT}/Manifest.lock\" > /dev/null\nif [ $? != 0 ] ; then\n    # print error to STDERR\n    echo \"error: The sandbox is not in sync with the Podfile.lock. Run 'pod install' or update your CocoaPods installation.\" >&2\n    exit 1\nfi\n# This output is used by Xcode 'outputs' to avoid re-running this script phase.\necho \"SUCCESS\" > \"${SCRIPT_OUTPUT_FILE_0}\"\n";
			showEnvVarsInLog = 0;
		};
/* End PBXShellScriptBuildPhase section */

/* Begin PBXSourcesBuildPhase section */
		2B4F657D1EEF1C56008B23C3 /* Sources */ = {
			isa = PBXSourcesBuildPhase;
			buildActionMask = 2147483647;
			files = (
				2B4F658C1EEF1C56008B23C3 /* ViewController.m in Sources */,
				2B4F65891EEF1C56008B23C3 /* AppDelegate.m in Sources */,
				2B4F65861EEF1C56008B23C3 /* main.m in Sources */,
			);
			runOnlyForDeploymentPostprocessing = 0;
		};
/* End PBXSourcesBuildPhase section */

/* Begin PBXVariantGroup section */
		2B4F658D1EEF1C56008B23C3 /* Main.storyboard */ = {
			isa = PBXVariantGroup;
			children = (
				2B4F658E1EEF1C56008B23C3 /* Base */,
			);
			name = Main.storyboard;
			sourceTree = "<group>";
		};
		2B4F65921EEF1C56008B23C3 /* LaunchScreen.storyboard */ = {
			isa = PBXVariantGroup;
			children = (
				2B4F65931EEF1C56008B23C3 /* Base */,
			);
			name = LaunchScreen.storyboard;
			sourceTree = "<group>";
		};
/* End PBXVariantGroup section */

/* Begin XCBuildConfiguration section */
		2B4F65AC1EEF1C57008B23C3 /* Debug */ = {
			isa = XCBuildConfiguration;
			buildSettings = {
				ALWAYS_SEARCH_USER_PATHS = NO;
				CLANG_ANALYZER_NONNULL = YES;
				CLANG_ANALYZER_NUMBER_OBJECT_CONVERSION = YES_AGGRESSIVE;
				CLANG_CXX_LANGUAGE_STANDARD = "gnu++0x";
				CLANG_CXX_LIBRARY = "libc++";
				CLANG_ENABLE_MODULES = YES;
				CLANG_ENABLE_OBJC_ARC = YES;
				CLANG_WARN_BOOL_CONVERSION = YES;
				CLANG_WARN_CONSTANT_CONVERSION = YES;
				CLANG_WARN_DIRECT_OBJC_ISA_USAGE = YES_ERROR;
				CLANG_WARN_DOCUMENTATION_COMMENTS = YES;
				CLANG_WARN_EMPTY_BODY = YES;
				CLANG_WARN_ENUM_CONVERSION = YES;
				CLANG_WARN_INFINITE_RECURSION = YES;
				CLANG_WARN_INT_CONVERSION = YES;
				CLANG_WARN_OBJC_ROOT_CLASS = YES_ERROR;
				CLANG_WARN_SUSPICIOUS_MOVE = YES;
				CLANG_WARN_UNREACHABLE_CODE = YES;
				CLANG_WARN__DUPLICATE_METHOD_MATCH = YES;
				"CODE_SIGN_IDENTITY[sdk=iphoneos*]" = "iPhone Developer";
				COPY_PHASE_STRIP = NO;
				DEBUG_INFORMATION_FORMAT = dwarf;
				ENABLE_STRICT_OBJC_MSGSEND = YES;
				ENABLE_TESTABILITY = YES;
				GCC_C_LANGUAGE_STANDARD = gnu99;
				GCC_DYNAMIC_NO_PIC = NO;
				GCC_NO_COMMON_BLOCKS = YES;
				GCC_OPTIMIZATION_LEVEL = 0;
				GCC_PREPROCESSOR_DEFINITIONS = (
					"DEBUG=1",
					"$(inherited)",
				);
				GCC_WARN_64_TO_32_BIT_CONVERSION = YES;
				GCC_WARN_ABOUT_RETURN_TYPE = YES_ERROR;
				GCC_WARN_UNDECLARED_SELECTOR = YES;
				GCC_WARN_UNINITIALIZED_AUTOS = YES_AGGRESSIVE;
				GCC_WARN_UNUSED_FUNCTION = YES;
				GCC_WARN_UNUSED_VARIABLE = YES;
				IPHONEOS_DEPLOYMENT_TARGET = 10.3;
				MTL_ENABLE_DEBUG_INFO = YES;
				ONLY_ACTIVE_ARCH = YES;
				SDKROOT = iphoneos;
				TARGETED_DEVICE_FAMILY = "1,2";
			};
			name = Debug;
		};
		2B4F65AD1EEF1C57008B23C3 /* Release */ = {
			isa = XCBuildConfiguration;
			buildSettings = {
				ALWAYS_SEARCH_USER_PATHS = NO;
				CLANG_ANALYZER_NONNULL = YES;
				CLANG_ANALYZER_NUMBER_OBJECT_CONVERSION = YES_AGGRESSIVE;
				CLANG_CXX_LANGUAGE_STANDARD = "gnu++0x";
				CLANG_CXX_LIBRARY = "libc++";
				CLANG_ENABLE_MODULES = YES;
				CLANG_ENABLE_OBJC_ARC = YES;
				CLANG_WARN_BOOL_CONVERSION = YES;
				CLANG_WARN_CONSTANT_CONVERSION = YES;
				CLANG_WARN_DIRECT_OBJC_ISA_USAGE = YES_ERROR;
				CLANG_WARN_DOCUMENTATION_COMMENTS = YES;
				CLANG_WARN_EMPTY_BODY = YES;
				CLANG_WARN_ENUM_CONVERSION = YES;
				CLANG_WARN_INFINITE_RECURSION = YES;
				CLANG_WARN_INT_CONVERSION = YES;
				CLANG_WARN_OBJC_ROOT_CLASS = YES_ERROR;
				CLANG_WARN_SUSPICIOUS_MOVE = YES;
				CLANG_WARN_UNREACHABLE_CODE = YES;
				CLANG_WARN__DUPLICATE_METHOD_MATCH = YES;
				"CODE_SIGN_IDENTITY[sdk=iphoneos*]" = "iPhone Developer";
				COPY_PHASE_STRIP = NO;
				DEBUG_INFORMATION_FORMAT = "dwarf-with-dsym";
				ENABLE_NS_ASSERTIONS = NO;
				ENABLE_STRICT_OBJC_MSGSEND = YES;
				GCC_C_LANGUAGE_STANDARD = gnu99;
				GCC_NO_COMMON_BLOCKS = YES;
				GCC_WARN_64_TO_32_BIT_CONVERSION = YES;
				GCC_WARN_ABOUT_RETURN_TYPE = YES_ERROR;
				GCC_WARN_UNDECLARED_SELECTOR = YES;
				GCC_WARN_UNINITIALIZED_AUTOS = YES_AGGRESSIVE;
				GCC_WARN_UNUSED_FUNCTION = YES;
				GCC_WARN_UNUSED_VARIABLE = YES;
				IPHONEOS_DEPLOYMENT_TARGET = 10.3;
				MTL_ENABLE_DEBUG_INFO = NO;
				SDKROOT = iphoneos;
				TARGETED_DEVICE_FAMILY = "1,2";
				VALIDATE_PRODUCT = YES;
			};
			name = Release;
		};
		2B4F65AF1EEF1C57008B23C3 /* Debug */ = {
			isa = XCBuildConfiguration;
			baseConfigurationReference = 6DDF6D6242180979B790C562 /* Pods-AOFacebookSDK-Adapter.debug.xcconfig */;
			buildSettings = {
				ASSETCATALOG_COMPILER_APPICON_NAME = AppIcon;
				"CODE_SIGN_IDENTITY[sdk=iphoneos*]" = "iPhone Developer";
				CODE_SIGN_STYLE = Automatic;
				DEVELOPMENT_TEAM = XNM36GWK3G;
				INFOPLIST_FILE = "AOFacebookSDK-Adapter/Info.plist";
				LD_RUNPATH_SEARCH_PATHS = "$(inherited) @executable_path/Frameworks";
				PRODUCT_BUNDLE_IDENTIFIER = "com.aorumbayev.AOFacebookSDK-Adapter";
				PRODUCT_NAME = "$(TARGET_NAME)";
				PROVISIONING_PROFILE_SPECIFIER = "";
			};
			name = Debug;
		};
		2B4F65B01EEF1C57008B23C3 /* Release */ = {
			isa = XCBuildConfiguration;
			baseConfigurationReference = D568971305FE65AB4C8D0D23 /* Pods-AOFacebookSDK-Adapter.release.xcconfig */;
			buildSettings = {
				ASSETCATALOG_COMPILER_APPICON_NAME = AppIcon;
				"CODE_SIGN_IDENTITY[sdk=iphoneos*]" = "iPhone Developer";
				CODE_SIGN_STYLE = Automatic;
				DEVELOPMENT_TEAM = XNM36GWK3G;
				INFOPLIST_FILE = "AOFacebookSDK-Adapter/Info.plist";
				LD_RUNPATH_SEARCH_PATHS = "$(inherited) @executable_path/Frameworks";
				PRODUCT_BUNDLE_IDENTIFIER = "com.aorumbayev.AOFacebookSDK-Adapter";
				PRODUCT_NAME = "$(TARGET_NAME)";
				PROVISIONING_PROFILE_SPECIFIER = "";
			};
			name = Release;
		};
/* End XCBuildConfiguration section */

/* Begin XCConfigurationList section */
		2B4F657C1EEF1C56008B23C3 /* Build configuration list for PBXProject "AOFacebookSDK-Adapter" */ = {
			isa = XCConfigurationList;
			buildConfigurations = (
				2B4F65AC1EEF1C57008B23C3 /* Debug */,
				2B4F65AD1EEF1C57008B23C3 /* Release */,
			);
			defaultConfigurationIsVisible = 0;
			defaultConfigurationName = Release;
		};
		2B4F65AE1EEF1C57008B23C3 /* Build configuration list for PBXNativeTarget "AOFacebookSDK-Adapter" */ = {
			isa = XCConfigurationList;
			buildConfigurations = (
				2B4F65AF1EEF1C57008B23C3 /* Debug */,
				2B4F65B01EEF1C57008B23C3 /* Release */,
			);
			defaultConfigurationIsVisible = 0;
			defaultConfigurationName = Release;
		};
/* End XCConfigurationList section */
	};
	rootObject = 2B4F65791EEF1C56008B23C3 /* Project object */;
}
